
Microsoft Visual Studio Solution File, Format Version 11.00
# Visual Studio 2010
Project("{FAE04EC0-301F-11D3-BF4B-00C04F79EFBC}") = "Doublewide.Domain", "Doublewide.Domain\Doublewide.Domain.csproj", "{151FE31C-BE16-4949-829A-D5181152E0E1}"
EndProject
Project("{FAE04EC0-301F-11D3-BF4B-00C04F79EFBC}") = "Doublewide.Application", "Doublewide.Application\Doublewide.Application.csproj", "{432736A0-500A-4D1B-B876-FEEA7B5CB522}"
EndProject
Project("{FAE04EC0-301F-11D3-BF4B-00C04F79EFBC}") = "Doublewide.Web", "Doublewide.Web\Doublewide.Web.csproj", "{44D146DD-CDC5-490A-B89E-4F5D110FB07F}"
EndProject
Global
	GlobalSection(SolutionConfigurationPlatforms) = preSolution
		Debug|Any CPU = Debug|Any CPU
		Release|Any CPU = Release|Any CPU
	EndGlobalSection
	GlobalSection(ProjectConfigurationPlatforms) = postSolution
		{151FE31C-BE16-4949-829A-D5181152E0E1}.Debug|Any CPU.ActiveCfg = Debug|Any CPU
		{151FE31C-BE16-4949-829A-D5181152E0E1}.Debug|Any CPU.Build.0 = Debug|Any CPU
		{151FE31C-BE16-4949-829A-D5181152E0E1}.Release|Any CPU.ActiveCfg = Release|Any CPU
		{151FE31C-BE16-4949-829A-D5181152E0E1}.Release|Any CPU.Build.0 = Release|Any CPU
		{432736A0-500A-4D1B-B876-FEEA7B5CB522}.Debug|Any CPU.ActiveCfg = Debug|Any CPU
		{432736A0-500A-4D1B-B876-FEEA7B5CB522}.Debug|Any CPU.Build.0 = Debug|Any CPU
		{432736A0-500A-4D1B-B876-FEEA7B5CB522}.Release|Any CPU.ActiveCfg = Release|Any CPU
		{432736A0-500A-4D1B-B876-FEEA7B5CB522}.Release|Any CPU.Build.0 = Release|Any CPU
		{44D146DD-CDC5-490A-B89E-4F5D110FB07F}.Debug|Any CPU.ActiveCfg = Debug|Any CPU
		{44D146DD-CDC5-490A-B89E-4F5D110FB07F}.Debug|Any CPU.Build.0 = Debug|Any CPU
		{44D146DD-CDC5-490A-B89E-4F5D110FB07F}.Release|Any CPU.ActiveCfg = Release|Any CPU
		{44D146DD-CDC5-490A-B89E-4F5D110FB07F}.Release|Any CPU.Build.0 = Release|Any CPU
	EndGlobalSection
	GlobalSection(SolutionProperties) = preSolution
		HideSolutionNode = FALSE
	EndGlobalSection
EndGlobal
